
Microsoft Visual Studio Solution File, Format Version 12.00
# Visual Studio Version 16
VisualStudioVersion = 16.0.29613.14
MinimumVisualStudioVersion = 15.0.26124.0
Project("{9A19103F-16F7-4668-BE54-9A1E7A4F7556}") = "PseudoEnumerableClassTask", "PseudoEnumerableClassTask\PseudoEnumerableClassTask.csproj", "{8CD2649D-2C7C-476C-80FD-0B747BEC84F2}"
EndProject
Project("{FAE04EC0-301F-11D3-BF4B-00C04F79EFBC}") = "PseudoEnumerableClassTask.Tests", "PseudoEnumerableClassTask.Tests\PseudoEnumerableClassTask.Tests.csproj", "{FF303115-4434-4457-9D80-9894CD316DE2}"
EndProject
Global
	GlobalSection(SolutionConfigurationPlatforms) = preSolution
		Debug|Any CPU = Debug|Any CPU
		Debug|x64 = Debug|x64
		Debug|x86 = Debug|x86
		Release|Any CPU = Release|Any CPU
		Release|x64 = Release|x64
		Release|x86 = Release|x86
	EndGlobalSection
	GlobalSection(ProjectConfigurationPlatforms) = postSolution
		{8CD2649D-2C7C-476C-80FD-0B747BEC84F2}.Debug|Any CPU.ActiveCfg = Debug|Any CPU
		{8CD2649D-2C7C-476C-80FD-0B747BEC84F2}.Debug|Any CPU.Build.0 = Debug|Any CPU
		{8CD2649D-2C7C-476C-80FD-0B747BEC84F2}.Debug|x64.ActiveCfg = Debug|Any CPU
		{8CD2649D-2C7C-476C-80FD-0B747BEC84F2}.Debug|x64.Build.0 = Debug|Any CPU
		{8CD2649D-2C7C-476C-80FD-0B747BEC84F2}.Debug|x86.ActiveCfg = Debug|Any CPU
		{8CD2649D-2C7C-476C-80FD-0B747BEC84F2}.Debug|x86.Build.0 = Debug|Any CPU
		{8CD2649D-2C7C-476C-80FD-0B747BEC84F2}.Release|Any CPU.ActiveCfg = Release|Any CPU
		{8CD2649D-2C7C-476C-80FD-0B747BEC84F2}.Release|Any CPU.Build.0 = Release|Any CPU
		{8CD2649D-2C7C-476C-80FD-0B747BEC84F2}.Release|x64.ActiveCfg = Release|Any CPU
		{8CD2649D-2C7C-476C-80FD-0B747BEC84F2}.Release|x64.Build.0 = Release|Any CPU
		{8CD2649D-2C7C-476C-80FD-0B747BEC84F2}.Release|x86.ActiveCfg = Release|Any CPU
		{8CD2649D-2C7C-476C-80FD-0B747BEC84F2}.Release|x86.Build.0 = Release|Any CPU
		{FF303115-4434-4457-9D80-9894CD316DE2}.Debug|Any CPU.ActiveCfg = Debug|Any CPU
		{FF303115-4434-4457-9D80-9894CD316DE2}.Debug|Any CPU.Build.0 = Debug|Any CPU
		{FF303115-4434-4457-9D80-9894CD316DE2}.Debug|x64.ActiveCfg = Debug|Any CPU
		{FF303115-4434-4457-9D80-9894CD316DE2}.Debug|x64.Build.0 = Debug|Any CPU
		{FF303115-4434-4457-9D80-9894CD316DE2}.Debug|x86.ActiveCfg = Debug|Any CPU
		{FF303115-4434-4457-9D80-9894CD316DE2}.Debug|x86.Build.0 = Debug|Any CPU
		{FF303115-4434-4457-9D80-9894CD316DE2}.Release|Any CPU.ActiveCfg = Release|Any CPU
		{FF303115-4434-4457-9D80-9894CD316DE2}.Release|Any CPU.Build.0 = Release|Any CPU
		{FF303115-4434-4457-9D80-9894CD316DE2}.Release|x64.ActiveCfg = Release|Any CPU
		{FF303115-4434-4457-9D80-9894CD316DE2}.Release|x64.Build.0 = Release|Any CPU
		{FF303115-4434-4457-9D80-9894CD316DE2}.Release|x86.ActiveCfg = Release|Any CPU
		{FF303115-4434-4457-9D80-9894CD316DE2}.Release|x86.Build.0 = Release|Any CPU
	EndGlobalSection
	GlobalSection(SolutionProperties) = preSolution
		HideSolutionNode = FALSE
	EndGlobalSection
	GlobalSection(ExtensibilityGlobals) = postSolution
		SolutionGuid = {39CA3486-0DCA-4BCE-8DDA-A9E94E22BCAF}
	EndGlobalSection
EndGlobal
